// !$*UTF8*$!
{
	archiveVersion = 1;
	classes = {
	};
	objectVersion = 50;
	objects = {

/* Begin PBXBuildFile section */
		AE43636520F462F3008A0D50 /* AppDelegate.swift in Sources */ = {isa = PBXBuildFile; fileRef = AE43636420F462F3008A0D50 /* AppDelegate.swift */; };
		AE43636A20F462F3008A0D50 /* Main.storyboard in Resources */ = {isa = PBXBuildFile; fileRef = AE43636820F462F3008A0D50 /* Main.storyboard */; };
		AE43636C20F462F5008A0D50 /* Assets.xcassets in Resources */ = {isa = PBXBuildFile; fileRef = AE43636B20F462F5008A0D50 /* Assets.xcassets */; };
		AE43636F20F462F5008A0D50 /* LaunchScreen.storyboard in Resources */ = {isa = PBXBuildFile; fileRef = AE43636D20F462F5008A0D50 /* LaunchScreen.storyboard */; };
		AE43637A20F462F5008A0D50 /* GuessingGameTests.swift in Sources */ = {isa = PBXBuildFile; fileRef = AE43637920F462F5008A0D50 /* GuessingGameTests.swift */; };
		AE43638F20F49F85008A0D50 /* Question.storyboard in Resources */ = {isa = PBXBuildFile; fileRef = AE43638E20F49F85008A0D50 /* Question.storyboard */; };
		AE43639920F4B081008A0D50 /* QuestionViewController.swift in Sources */ = {isa = PBXBuildFile; fileRef = AE43639820F4B081008A0D50 /* QuestionViewController.swift */; };
		AE43639B20F4C0A9008A0D50 /* AnswerViewController.swift in Sources */ = {isa = PBXBuildFile; fileRef = AE43639A20F4C0A9008A0D50 /* AnswerViewController.swift */; };
		AEB29B9A20F985EA0091C9B4 /* Service.swift in Sources */ = {isa = PBXBuildFile; fileRef = AEB29B9920F985EA0091C9B4 /* Service.swift */; };
		AEB29B9C20F99D280091C9B4 /* Game.swift in Sources */ = {isa = PBXBuildFile; fileRef = AEB29B9B20F99D280091C9B4 /* Game.swift */; };
		AEB29B9E20F99F200091C9B4 /* game.json in Resources */ = {isa = PBXBuildFile; fileRef = AEB29B9D20F99F200091C9B4 /* game.json */; };
		AEB29BA020F9A66C0091C9B4 /* QuestionViewModel.swift in Sources */ = {isa = PBXBuildFile; fileRef = AEB29B9F20F9A66C0091C9B4 /* QuestionViewModel.swift */; };
		AEB29BA620F9ACFC0091C9B4 /* MainTableViewController.swift in Sources */ = {isa = PBXBuildFile; fileRef = AEB29BA520F9ACFC0091C9B4 /* MainTableViewController.swift */; };
		AEB29BAA20F9B3950091C9B4 /* UIImageView+Game.swift in Sources */ = {isa = PBXBuildFile; fileRef = AEB29BA920F9B3950091C9B4 /* UIImageView+Game.swift */; };
/* End PBXBuildFile section */

/* Begin PBXContainerItemProxy section */
		AE43637620F462F5008A0D50 /* PBXContainerItemProxy */ = {
			isa = PBXContainerItemProxy;
			containerPortal = AE43635920F462F3008A0D50 /* Project object */;
			proxyType = 1;
			remoteGlobalIDString = AE43636020F462F3008A0D50;
			remoteInfo = GuessingGame;
		};
/* End PBXContainerItemProxy section */

/* Begin PBXFileReference section */
		AE43636120F462F3008A0D50 /* GuessingGame.app */ = {isa = PBXFileReference; explicitFileType = wrapper.application; includeInIndex = 0; path = GuessingGame.app; sourceTree = BUILT_PRODUCTS_DIR; };
		AE43636420F462F3008A0D50 /* AppDelegate.swift */ = {isa = PBXFileReference; lastKnownFileType = sourcecode.swift; path = AppDelegate.swift; sourceTree = "<group>"; };
		AE43636920F462F3008A0D50 /* Base */ = {isa = PBXFileReference; lastKnownFileType = file.storyboard; name = Base; path = Base.lproj/Main.storyboard; sourceTree = "<group>"; };
		AE43636B20F462F5008A0D50 /* Assets.xcassets */ = {isa = PBXFileReference; lastKnownFileType = folder.assetcatalog; path = Assets.xcassets; sourceTree = "<group>"; };
		AE43636E20F462F5008A0D50 /* Base */ = {isa = PBXFileReference; lastKnownFileType = file.storyboard; name = Base; path = Base.lproj/LaunchScreen.storyboard; sourceTree = "<group>"; };
		AE43637020F462F5008A0D50 /* Info.plist */ = {isa = PBXFileReference; lastKnownFileType = text.plist.xml; path = Info.plist; sourceTree = "<group>"; };
		AE43637520F462F5008A0D50 /* GuessingGameTests.xctest */ = {isa = PBXFileReference; explicitFileType = wrapper.cfbundle; includeInIndex = 0; path = GuessingGameTests.xctest; sourceTree = BUILT_PRODUCTS_DIR; };
		AE43637920F462F5008A0D50 /* GuessingGameTests.swift */ = {isa = PBXFileReference; lastKnownFileType = sourcecode.swift; path = GuessingGameTests.swift; sourceTree = "<group>"; };
		AE43637B20F462F5008A0D50 /* Info.plist */ = {isa = PBXFileReference; lastKnownFileType = text.plist.xml; path = Info.plist; sourceTree = "<group>"; };
		AE43638E20F49F85008A0D50 /* Question.storyboard */ = {isa = PBXFileReference; lastKnownFileType = file.storyboard; path = Question.storyboard; sourceTree = "<group>"; };
		AE43639820F4B081008A0D50 /* QuestionViewController.swift */ = {isa = PBXFileReference; lastKnownFileType = sourcecode.swift; path = QuestionViewController.swift; sourceTree = "<group>"; };
		AE43639A20F4C0A9008A0D50 /* AnswerViewController.swift */ = {isa = PBXFileReference; lastKnownFileType = sourcecode.swift; path = AnswerViewController.swift; sourceTree = "<group>"; };
		AEB29B9920F985EA0091C9B4 /* Service.swift */ = {isa = PBXFileReference; lastKnownFileType = sourcecode.swift; path = Service.swift; sourceTree = "<group>"; };
		AEB29B9B20F99D280091C9B4 /* Game.swift */ = {isa = PBXFileReference; lastKnownFileType = sourcecode.swift; path = Game.swift; sourceTree = "<group>"; };
		AEB29B9D20F99F200091C9B4 /* game.json */ = {isa = PBXFileReference; fileEncoding = 4; lastKnownFileType = text.json; path = game.json; sourceTree = "<group>"; };
		AEB29B9F20F9A66C0091C9B4 /* QuestionViewModel.swift */ = {isa = PBXFileReference; lastKnownFileType = sourcecode.swift; path = QuestionViewModel.swift; sourceTree = "<group>"; };
		AEB29BA520F9ACFC0091C9B4 /* MainTableViewController.swift */ = {isa = PBXFileReference; lastKnownFileType = sourcecode.swift; path = MainTableViewController.swift; sourceTree = "<group>"; };
		AEB29BA920F9B3950091C9B4 /* UIImageView+Game.swift */ = {isa = PBXFileReference; lastKnownFileType = sourcecode.swift; path = "UIImageView+Game.swift"; sourceTree = "<group>"; };
/* End PBXFileReference section */

/* Begin PBXFrameworksBuildPhase section */
		AE43635E20F462F3008A0D50 /* Frameworks */ = {
			isa = PBXFrameworksBuildPhase;
			buildActionMask = 2147483647;
			files = (
			);
			runOnlyForDeploymentPostprocessing = 0;
		};
		AE43637220F462F5008A0D50 /* Frameworks */ = {
			isa = PBXFrameworksBuildPhase;
			buildActionMask = 2147483647;
			files = (
			);
			runOnlyForDeploymentPostprocessing = 0;
		};
/* End PBXFrameworksBuildPhase section */

/* Begin PBXGroup section */
		AE43635820F462F3008A0D50 = {
			isa = PBXGroup;
			children = (
				AE43636320F462F3008A0D50 /* GuessingGame */,
				AE43637820F462F5008A0D50 /* GuessingGameTests */,
				AE43636220F462F3008A0D50 /* Products */,
			);
			sourceTree = "<group>";
		};
		AE43636220F462F3008A0D50 /* Products */ = {
			isa = PBXGroup;
			children = (
				AE43636120F462F3008A0D50 /* GuessingGame.app */,
				AE43637520F462F5008A0D50 /* GuessingGameTests.xctest */,
			);
			name = Products;
			sourceTree = "<group>";
		};
		AE43636320F462F3008A0D50 /* GuessingGame */ = {
			isa = PBXGroup;
			children = (
				AE43638720F463DC008A0D50 /* Launch */,
				AE43638920F46457008A0D50 /* Modules */,
			);
			path = GuessingGame;
			sourceTree = "<group>";
		};
		AE43637820F462F5008A0D50 /* GuessingGameTests */ = {
			isa = PBXGroup;
			children = (
				AE43637920F462F5008A0D50 /* GuessingGameTests.swift */,
				AE43637B20F462F5008A0D50 /* Info.plist */,
			);
			path = GuessingGameTests;
			sourceTree = "<group>";
		};
		AE43638420F46399008A0D50 /* Model */ = {
			isa = PBXGroup;
			children = (
				AEB29B9B20F99D280091C9B4 /* Game.swift */,
			);
			path = Model;
			sourceTree = "<group>";
		};
		AE43638520F463A2008A0D50 /* View */ = {
			isa = PBXGroup;
			children = (
				AE43638E20F49F85008A0D50 /* Question.storyboard */,
			);
			path = View;
			sourceTree = "<group>";
		};
		AE43638620F463A8008A0D50 /* Controller */ = {
			isa = PBXGroup;
			children = (
				AE43639820F4B081008A0D50 /* QuestionViewController.swift */,
				AE43639A20F4C0A9008A0D50 /* AnswerViewController.swift */,
			);
			path = Controller;
			sourceTree = "<group>";
		};
		AE43638720F463DC008A0D50 /* Launch */ = {
			isa = PBXGroup;
			children = (
				AE43636420F462F3008A0D50 /* AppDelegate.swift */,
				AE43636B20F462F5008A0D50 /* Assets.xcassets */,
				AE43636D20F462F5008A0D50 /* LaunchScreen.storyboard */,
				AE43637020F462F5008A0D50 /* Info.plist */,
			);
			path = Launch;
			sourceTree = "<group>";
		};
		AE43638820F4641B008A0D50 /* ViewModel */ = {
			isa = PBXGroup;
			children = (
				AEB29B9F20F9A66C0091C9B4 /* QuestionViewModel.swift */,
			);
			path = ViewModel;
			sourceTree = "<group>";
		};
		AE43638920F46457008A0D50 /* Modules */ = {
			isa = PBXGroup;
			children = (
				AEB29BA220F9ACCC0091C9B4 /* Main */,
				AEB29BA120F9ACB10091C9B4 /* Questions */,
				AEB29B9820F985850091C9B4 /* Service */,
				AEB29BA720F9B35A0091C9B4 /* Util */,
			);
			path = Modules;
			sourceTree = "<group>";
		};
		AEB29B9820F985850091C9B4 /* Service */ = {
			isa = PBXGroup;
			children = (
				AEB29B9920F985EA0091C9B4 /* Service.swift */,
				AEB29B9D20F99F200091C9B4 /* game.json */,
			);
			path = Service;
			sourceTree = "<group>";
		};
		AEB29BA120F9ACB10091C9B4 /* Questions */ = {
			isa = PBXGroup;
			children = (
				AE43638620F463A8008A0D50 /* Controller */,
				AE43638420F46399008A0D50 /* Model */,
				AE43638520F463A2008A0D50 /* View */,
				AE43638820F4641B008A0D50 /* ViewModel */,
			);
			path = Questions;
			sourceTree = "<group>";
		};
		AEB29BA220F9ACCC0091C9B4 /* Main */ = {
			isa = PBXGroup;
			children = (
				AEB29BA420F9ACE40091C9B4 /* Controller */,
				AEB29BA320F9ACDB0091C9B4 /* View */,
			);
			path = Main;
			sourceTree = "<group>";
		};
		AEB29BA320F9ACDB0091C9B4 /* View */ = {
			isa = PBXGroup;
			children = (
				AE43636820F462F3008A0D50 /* Main.storyboard */,
			);
			path = View;
			sourceTree = "<group>";
		};
		AEB29BA420F9ACE40091C9B4 /* Controller */ = {
			isa = PBXGroup;
			children = (
				AEB29BA520F9ACFC0091C9B4 /* MainTableViewController.swift */,
			);
			path = Controller;
			sourceTree = "<group>";
		};
		AEB29BA720F9B35A0091C9B4 /* Util */ = {
			isa = PBXGroup;
			children = (
				AEB29BA820F9B3810091C9B4 /* Model */,
			);
			path = Util;
			sourceTree = "<group>";
		};
		AEB29BA820F9B3810091C9B4 /* Model */ = {
			isa = PBXGroup;
			children = (
				AEB29BA920F9B3950091C9B4 /* UIImageView+Game.swift */,
			);
			path = Model;
			sourceTree = "<group>";
		};
/* End PBXGroup section */

/* Begin PBXNativeTarget section */
		AE43636020F462F3008A0D50 /* GuessingGame */ = {
			isa = PBXNativeTarget;
			buildConfigurationList = AE43637E20F462F5008A0D50 /* Build configuration list for PBXNativeTarget "GuessingGame" */;
			buildPhases = (
				AE43635D20F462F3008A0D50 /* Sources */,
				AE43635E20F462F3008A0D50 /* Frameworks */,
				AE43635F20F462F3008A0D50 /* Resources */,
			);
			buildRules = (
			);
			dependencies = (
			);
			name = GuessingGame;
			productName = GuessingGame;
			productReference = AE43636120F462F3008A0D50 /* GuessingGame.app */;
			productType = "com.apple.product-type.application";
		};
		AE43637420F462F5008A0D50 /* GuessingGameTests */ = {
			isa = PBXNativeTarget;
			buildConfigurationList = AE43638120F462F5008A0D50 /* Build configuration list for PBXNativeTarget "GuessingGameTests" */;
			buildPhases = (
				AE43637120F462F5008A0D50 /* Sources */,
				AE43637220F462F5008A0D50 /* Frameworks */,
				AE43637320F462F5008A0D50 /* Resources */,
			);
			buildRules = (
			);
			dependencies = (
				AE43637720F462F5008A0D50 /* PBXTargetDependency */,
			);
			name = GuessingGameTests;
			productName = GuessingGameTests;
			productReference = AE43637520F462F5008A0D50 /* GuessingGameTests.xctest */;
			productType = "com.apple.product-type.bundle.unit-test";
		};
/* End PBXNativeTarget section */

/* Begin PBXProject section */
		AE43635920F462F3008A0D50 /* Project object */ = {
			isa = PBXProject;
			attributes = {
				LastSwiftUpdateCheck = 0940;
				LastUpgradeCheck = 0940;
				ORGANIZATIONNAME = "Yin Hua";
				TargetAttributes = {
					AE43636020F462F3008A0D50 = {
						CreatedOnToolsVersion = 9.4.1;
					};
					AE43637420F462F5008A0D50 = {
						CreatedOnToolsVersion = 9.4.1;
						TestTargetID = AE43636020F462F3008A0D50;
					};
				};
			};
			buildConfigurationList = AE43635C20F462F3008A0D50 /* Build configuration list for PBXProject "GuessingGame" */;
			compatibilityVersion = "Xcode 9.3";
			developmentRegion = en;
			hasScannedForEncodings = 0;
			knownRegions = (
				en,
				Base,
			);
			mainGroup = AE43635820F462F3008A0D50;
			productRefGroup = AE43636220F462F3008A0D50 /* Products */;
			projectDirPath = "";
			projectRoot = "";
			targets = (
				AE43636020F462F3008A0D50 /* GuessingGame */,
				AE43637420F462F5008A0D50 /* GuessingGameTests */,
			);
		};
/* End PBXProject section */

/* Begin PBXResourcesBuildPhase section */
		AE43635F20F462F3008A0D50 /* Resources */ = {
			isa = PBXResourcesBuildPhase;
			buildActionMask = 2147483647;
			files = (
				AE43636F20F462F5008A0D50 /* LaunchScreen.storyboard in Resources */,
				AE43636C20F462F5008A0D50 /* Assets.xcassets in Resources */,
				AE43638F20F49F85008A0D50 /* Question.storyboard in Resources */,
				AE43636A20F462F3008A0D50 /* Main.storyboard in Resources */,
				AEB29B9E20F99F200091C9B4 /* game.json in Resources */,
			);
			runOnlyForDeploymentPostprocessing = 0;
		};
		AE43637320F462F5008A0D50 /* Resources */ = {
			isa = PBXResourcesBuildPhase;
			buildActionMask = 2147483647;
			files = (
			);
			runOnlyForDeploymentPostprocessing = 0;
		};
/* End PBXResourcesBuildPhase section */

/* Begin PBXSourcesBuildPhase section */
		AE43635D20F462F3008A0D50 /* Sources */ = {
			isa = PBXSourcesBuildPhase;
			buildActionMask = 2147483647;
			files = (
				AE43639B20F4C0A9008A0D50 /* AnswerViewController.swift in Sources */,
				AEB29B9C20F99D280091C9B4 /* Game.swift in Sources */,
				AE43636520F462F3008A0D50 /* AppDelegate.swift in Sources */,
				AEB29BAA20F9B3950091C9B4 /* UIImageView+Game.swift in Sources */,
				AEB29B9A20F985EA0091C9B4 /* Service.swift in Sources */,
				AEB29BA020F9A66C0091C9B4 /* QuestionViewModel.swift in Sources */,
				AE43639920F4B081008A0D50 /* QuestionViewController.swift in Sources */,
				AEB29BA620F9ACFC0091C9B4 /* MainTableViewController.swift in Sources */,
			);
			runOnlyForDeploymentPostprocessing = 0;
		};
		AE43637120F462F5008A0D50 /* Sources */ = {
			isa = PBXSourcesBuildPhase;
			buildActionMask = 2147483647;
			files = (
				AE43637A20F462F5008A0D50 /* GuessingGameTests.swift in Sources */,
			);
			runOnlyForDeploymentPostprocessing = 0;
		};
/* End PBXSourcesBuildPhase section */

/* Begin PBXTargetDependency section */
		AE43637720F462F5008A0D50 /* PBXTargetDependency */ = {
			isa = PBXTargetDependency;
			target = AE43636020F462F3008A0D50 /* GuessingGame */;
			targetProxy = AE43637620F462F5008A0D50 /* PBXContainerItemProxy */;
		};
/* End PBXTargetDependency section */

/* Begin PBXVariantGroup section */
		AE43636820F462F3008A0D50 /* Main.storyboard */ = {
			isa = PBXVariantGroup;
			children = (
				AE43636920F462F3008A0D50 /* Base */,
			);
			name = Main.storyboard;
			sourceTree = "<group>";
		};
		AE43636D20F462F5008A0D50 /* LaunchScreen.storyboard */ = {
			isa = PBXVariantGroup;
			children = (
				AE43636E20F462F5008A0D50 /* Base */,
			);
			name = LaunchScreen.storyboard;
			sourceTree = "<group>";
		};
/* End PBXVariantGroup section */

/* Begin XCBuildConfiguration section */
		AE43637C20F462F5008A0D50 /* Debug */ = {
			isa = XCBuildConfiguration;
			buildSettings = {
				ALWAYS_SEARCH_USER_PATHS = NO;
				CLANG_ANALYZER_NONNULL = YES;
				CLANG_ANALYZER_NUMBER_OBJECT_CONVERSION = YES_AGGRESSIVE;
				CLANG_CXX_LANGUAGE_STANDARD = "gnu++14";
				CLANG_CXX_LIBRARY = "libc++";
				CLANG_ENABLE_MODULES = YES;
				CLANG_ENABLE_OBJC_ARC = YES;
				CLANG_ENABLE_OBJC_WEAK = YES;
				CLANG_WARN_BLOCK_CAPTURE_AUTORELEASING = YES;
				CLANG_WARN_BOOL_CONVERSION = YES;
				CLANG_WARN_COMMA = YES;
				CLANG_WARN_CONSTANT_CONVERSION = YES;
				CLANG_WARN_DEPRECATED_OBJC_IMPLEMENTATIONS = YES;
				CLANG_WARN_DIRECT_OBJC_ISA_USAGE = YES_ERROR;
				CLANG_WARN_DOCUMENTATION_COMMENTS = YES;
				CLANG_WARN_EMPTY_BODY = YES;
				CLANG_WARN_ENUM_CONVERSION = YES;
				CLANG_WARN_INFINITE_RECURSION = YES;
				CLANG_WARN_INT_CONVERSION = YES;
				CLANG_WARN_NON_LITERAL_NULL_CONVERSION = YES;
				CLANG_WARN_OBJC_IMPLICIT_RETAIN_SELF = YES;
				CLANG_WARN_OBJC_LITERAL_CONVERSION = YES;
				CLANG_WARN_OBJC_ROOT_CLASS = YES_ERROR;
				CLANG_WARN_RANGE_LOOP_ANALYSIS = YES;
				CLANG_WARN_STRICT_PROTOTYPES = YES;
				CLANG_WARN_SUSPICIOUS_MOVE = YES;
				CLANG_WARN_UNGUARDED_AVAILABILITY = YES_AGGRESSIVE;
				CLANG_WARN_UNREACHABLE_CODE = YES;
				CLANG_WARN__DUPLICATE_METHOD_MATCH = YES;
				CODE_SIGN_IDENTITY = "iPhone Developer";
				COPY_PHASE_STRIP = NO;
				DEBUG_INFORMATION_FORMAT = dwarf;
				ENABLE_STRICT_OBJC_MSGSEND = YES;
				ENABLE_TESTABILITY = YES;
				GCC_C_LANGUAGE_STANDARD = gnu11;
				GCC_DYNAMIC_NO_PIC = NO;
				GCC_NO_COMMON_BLOCKS = YES;
				GCC_OPTIMIZATION_LEVEL = 0;
				GCC_PREPROCESSOR_DEFINITIONS = (
					"DEBUG=1",
					"$(inherited)",
				);
				GCC_WARN_64_TO_32_BIT_CONVERSION = YES;
				GCC_WARN_ABOUT_RETURN_TYPE = YES_ERROR;
				GCC_WARN_UNDECLARED_SELECTOR = YES;
				GCC_WARN_UNINITIALIZED_AUTOS = YES_AGGRESSIVE;
				GCC_WARN_UNUSED_FUNCTION = YES;
				GCC_WARN_UNUSED_VARIABLE = YES;
				IPHONEOS_DEPLOYMENT_TARGET = 11.4;
				MTL_ENABLE_DEBUG_INFO = YES;
				ONLY_ACTIVE_ARCH = YES;
				SDKROOT = iphoneos;
				SWIFT_ACTIVE_COMPILATION_CONDITIONS = DEBUG;
				SWIFT_OPTIMIZATION_LEVEL = "-Onone";
			};
			name = Debug;
		};
		AE43637D20F462F5008A0D50 /* Release */ = {
			isa = XCBuildConfiguration;
			buildSettings = {
				ALWAYS_SEARCH_USER_PATHS = NO;
				CLANG_ANALYZER_NONNULL = YES;
				CLANG_ANALYZER_NUMBER_OBJECT_CONVERSION = YES_AGGRESSIVE;
				CLANG_CXX_LANGUAGE_STANDARD = "gnu++14";
				CLANG_CXX_LIBRARY = "libc++";
				CLANG_ENABLE_MODULES = YES;
				CLANG_ENABLE_OBJC_ARC = YES;
				CLANG_ENABLE_OBJC_WEAK = YES;
				CLANG_WARN_BLOCK_CAPTURE_AUTORELEASING = YES;
				CLANG_WARN_BOOL_CONVERSION = YES;
				CLANG_WARN_COMMA = YES;
				CLANG_WARN_CONSTANT_CONVERSION = YES;
				CLANG_WARN_DEPRECATED_OBJC_IMPLEMENTATIONS = YES;
				CLANG_WARN_DIRECT_OBJC_ISA_USAGE = YES_ERROR;
				CLANG_WARN_DOCUMENTATION_COMMENTS = YES;
				CLANG_WARN_EMPTY_BODY = YES;
				CLANG_WARN_ENUM_CONVERSION = YES;
				CLANG_WARN_INFINITE_RECURSION = YES;
				CLANG_WARN_INT_CONVERSION = YES;
				CLANG_WARN_NON_LITERAL_NULL_CONVERSION = YES;
				CLANG_WARN_OBJC_IMPLICIT_RETAIN_SELF = YES;
				CLANG_WARN_OBJC_LITERAL_CONVERSION = YES;
				CLANG_WARN_OBJC_ROOT_CLASS = YES_ERROR;
				CLANG_WARN_RANGE_LOOP_ANALYSIS = YES;
				CLANG_WARN_STRICT_PROTOTYPES = YES;
				CLANG_WARN_SUSPICIOUS_MOVE = YES;
				CLANG_WARN_UNGUARDED_AVAILABILITY = YES_AGGRESSIVE;
				CLANG_WARN_UNREACHABLE_CODE = YES;
				CLANG_WARN__DUPLICATE_METHOD_MATCH = YES;
				CODE_SIGN_IDENTITY = "iPhone Developer";
				COPY_PHASE_STRIP = NO;
				DEBUG_INFORMATION_FORMAT = "dwarf-with-dsym";
				ENABLE_NS_ASSERTIONS = NO;
				ENABLE_STRICT_OBJC_MSGSEND = YES;
				GCC_C_LANGUAGE_STANDARD = gnu11;
				GCC_NO_COMMON_BLOCKS = YES;
				GCC_WARN_64_TO_32_BIT_CONVERSION = YES;
				GCC_WARN_ABOUT_RETURN_TYPE = YES_ERROR;
				GCC_WARN_UNDECLARED_SELECTOR = YES;
				GCC_WARN_UNINITIALIZED_AUTOS = YES_AGGRESSIVE;
				GCC_WARN_UNUSED_FUNCTION = YES;
				GCC_WARN_UNUSED_VARIABLE = YES;
				IPHONEOS_DEPLOYMENT_TARGET = 11.4;
				MTL_ENABLE_DEBUG_INFO = NO;
				SDKROOT = iphoneos;
				SWIFT_COMPILATION_MODE = wholemodule;
				SWIFT_OPTIMIZATION_LEVEL = "-O";
				VALIDATE_PRODUCT = YES;
			};
			name = Release;
		};
		AE43637F20F462F5008A0D50 /* Debug */ = {
			isa = XCBuildConfiguration;
			buildSettings = {
				ASSETCATALOG_COMPILER_APPICON_NAME = AppIcon;
				CODE_SIGN_STYLE = Automatic;
				DEVELOPMENT_TEAM = H5FMC68YF4;
				INFOPLIST_FILE = "$(SRCROOT)/GuessingGame/Launch/Info.plist";
				IPHONEOS_DEPLOYMENT_TARGET = 10.0;
				LD_RUNPATH_SEARCH_PATHS = (
					"$(inherited)",
					"@executable_path/Frameworks",
				);
				PRODUCT_BUNDLE_IDENTIFIER = hy.GuessingGame;
				PRODUCT_NAME = "$(TARGET_NAME)";
				SWIFT_VERSION = 4.0;
				TARGETED_DEVICE_FAMILY = "1,2";
			};
			name = Debug;
		};
		AE43638020F462F5008A0D50 /* Release */ = {
			isa = XCBuildConfiguration;
			buildSettings = {
				ASSETCATALOG_COMPILER_APPICON_NAME = AppIcon;
				CODE_SIGN_STYLE = Automatic;
				DEVELOPMENT_TEAM = H5FMC68YF4;
				INFOPLIST_FILE = "$(SRCROOT)/GuessingGame/Launch/Info.plist";
				IPHONEOS_DEPLOYMENT_TARGET = 10.0;
				LD_RUNPATH_SEARCH_PATHS = (
					"$(inherited)",
					"@executable_path/Frameworks",
				);
				PRODUCT_BUNDLE_IDENTIFIER = hy.GuessingGame;
				PRODUCT_NAME = "$(TARGET_NAME)";
				SWIFT_VERSION = 4.0;
				TARGETED_DEVICE_FAMILY = "1,2";
			};
			name = Release;
		};
		AE43638220F462F5008A0D50 /* Debug */ = {
			isa = XCBuildConfiguration;
			buildSettings = {
				ALWAYS_EMBED_SWIFT_STANDARD_LIBRARIES = YES;
				BUNDLE_LOADER = "$(TEST_HOST)";
				CODE_SIGN_STYLE = Automatic;
				DEVELOPMENT_TEAM = H5FMC68YF4;
				INFOPLIST_FILE = GuessingGameTests/Info.plist;
				LD_RUNPATH_SEARCH_PATHS = (
					"$(inherited)",
					"@executable_path/Frameworks",
					"@loader_path/Frameworks",
				);
				PRODUCT_BUNDLE_IDENTIFIER = hy.GuessingGameTests;
				PRODUCT_NAME = "$(TARGET_NAME)";
				SWIFT_VERSION = 4.0;
				TARGETED_DEVICE_FAMILY = "1,2";
				TEST_HOST = "$(BUILT_PRODUCTS_DIR)/GuessingGame.app/GuessingGame";
			};
			name = Debug;
		};
		AE43638320F462F5008A0D50 /* Release */ = {
			isa = XCBuildConfiguration;
			buildSettings = {
				ALWAYS_EMBED_SWIFT_STANDARD_LIBRARIES = YES;
				BUNDLE_LOADER = "$(TEST_HOST)";
				CODE_SIGN_STYLE = Automatic;
				DEVELOPMENT_TEAM = H5FMC68YF4;
				INFOPLIST_FILE = GuessingGameTests/Info.plist;
				LD_RUNPATH_SEARCH_PATHS = (
					"$(inherited)",
					"@executable_path/Frameworks",
					"@loader_path/Frameworks",
				);
				PRODUCT_BUNDLE_IDENTIFIER = hy.GuessingGameTests;
				PRODUCT_NAME = "$(TARGET_NAME)";
				SWIFT_VERSION = 4.0;
				TARGETED_DEVICE_FAMILY = "1,2";
				TEST_HOST = "$(BUILT_PRODUCTS_DIR)/GuessingGame.app/GuessingGame";
			};
			name = Release;
		};
/* End XCBuildConfiguration section */

/* Begin XCConfigurationList section */
		AE43635C20F462F3008A0D50 /* Build configuration list for PBXProject "GuessingGame" */ = {
			isa = XCConfigurationList;
			buildConfigurations = (
				AE43637C20F462F5008A0D50 /* Debug */,
				AE43637D20F462F5008A0D50 /* Release */,
			);
			defaultConfigurationIsVisible = 0;
			defaultConfigurationName = Release;
		};
		AE43637E20F462F5008A0D50 /* Build configuration list for PBXNativeTarget "GuessingGame" */ = {
			isa = XCConfigurationList;
			buildConfigurations = (
				AE43637F20F462F5008A0D50 /* Debug */,
				AE43638020F462F5008A0D50 /* Release */,
			);
			defaultConfigurationIsVisible = 0;
			defaultConfigurationName = Release;
		};
		AE43638120F462F5008A0D50 /* Build configuration list for PBXNativeTarget "GuessingGameTests" */ = {
			isa = XCConfigurationList;
			buildConfigurations = (
				AE43638220F462F5008A0D50 /* Debug */,
				AE43638320F462F5008A0D50 /* Release */,
			);
			defaultConfigurationIsVisible = 0;
			defaultConfigurationName = Release;
		};
/* End XCConfigurationList section */
	};
	rootObject = AE43635920F462F3008A0D50 /* Project object */;
}
